// !$*UTF8*$!
{
	archiveVersion = 1;
	classes = {
	};
	objectVersion = 77;
	objects = {

/* Begin PBXBuildFile section */
		59597029060BC9BDC3AE23B0 /* PTYSession.swift in Sources */ = {isa = PBXBuildFile; fileRef = BB204BB0EB8E9E43776037F8 /* PTYSession.swift */; };
		7F2DC923C6A503AC186D7199 /* PTYSessionTests.swift in Sources */ = {isa = PBXBuildFile; fileRef = 78717C838D7276434EE866E1 /* PTYSessionTests.swift */; };
		87E7AC78F8CCDC392F08853F /* SupersetApp.swift in Sources */ = {isa = PBXBuildFile; fileRef = A23ED462F661EDEF126FC079 /* SupersetApp.swift */; };
		A1B2C3D4E5F60718293A4B5C /* OutputBatcher.swift in Sources */ = {isa = PBXBuildFile; fileRef = D4E5F6071829A1B2C3D4E5F6 /* OutputBatcher.swift */; };
		B2C3D4E5F6071829A1B2C3D4 /* OutputBatcherTests.swift in Sources */ = {isa = PBXBuildFile; fileRef = E5F60718293A4B5CD4E5F607 /* OutputBatcherTests.swift */; };
/* End PBXBuildFile section */

/* Begin PBXContainerItemProxy section */
		55C42CF7D1F8DDDF5AC98776 /* PBXContainerItemProxy */ = {
			isa = PBXContainerItemProxy;
			containerPortal = 1D0C31FF35EB4D61CC9EA732 /* Project object */;
			proxyType = 1;
			remoteGlobalIDString = 5E28C4E59393F07B98ACC04E;
			remoteInfo = SupersetShell;
		};
/* End PBXContainerItemProxy section */

/* Begin PBXFileReference section */
		3D30DFFD86E8C13BFC519CF3 /* SupersetShellTests.xctest */ = {isa = PBXFileReference; explicitFileType = wrapper.cfbundle; includeInIndex = 0; path = SupersetShellTests.xctest; sourceTree = BUILT_PRODUCTS_DIR; };
		78717C838D7276434EE866E1 /* PTYSessionTests.swift */ = {isa = PBXFileReference; lastKnownFileType = sourcecode.swift; path = PTYSessionTests.swift; sourceTree = "<group>"; };
		A23ED462F661EDEF126FC079 /* SupersetApp.swift */ = {isa = PBXFileReference; lastKnownFileType = sourcecode.swift; path = SupersetApp.swift; sourceTree = "<group>"; };
		BB204BB0EB8E9E43776037F8 /* PTYSession.swift */ = {isa = PBXFileReference; lastKnownFileType = sourcecode.swift; path = PTYSession.swift; sourceTree = "<group>"; };
		D4E5F6071829A1B2C3D4E5F6 /* OutputBatcher.swift */ = {isa = PBXFileReference; lastKnownFileType = sourcecode.swift; path = OutputBatcher.swift; sourceTree = "<group>"; };
		E5F60718293A4B5CD4E5F607 /* OutputBatcherTests.swift */ = {isa = PBXFileReference; lastKnownFileType = sourcecode.swift; path = OutputBatcherTests.swift; sourceTree = "<group>"; };
		EFA9AB08E275D403033F5B3F /* SupersetShell.app */ = {isa = PBXFileReference; explicitFileType = wrapper.application; includeInIndex = 0; path = SupersetShell.app; sourceTree = BUILT_PRODUCTS_DIR; };
/* End PBXFileReference section */

/* Begin PBXGroup section */
		3F51D25EA32120B5CB2098BF /* PTY */ = {
			isa = PBXGroup;
			children = (
				BB204BB0EB8E9E43776037F8 /* PTYSession.swift */,
			);
			path = PTY;
			sourceTree = "<group>";
		};
		4B902F70CBE961F2DC381457 /* Sources */ = {
			isa = PBXGroup;
			children = (
				6440F03073F7A16B558815ED /* App */,
				F607182930A1B2C3D4E5F607 /* Bridge */,
				3F51D25EA32120B5CB2098BF /* PTY */,
			);
			path = Sources;
			sourceTree = "<group>";
		};
		F607182930A1B2C3D4E5F607 /* Bridge */ = {
			isa = PBXGroup;
			children = (
				D4E5F6071829A1B2C3D4E5F6 /* OutputBatcher.swift */,
			);
			path = Bridge;
			sourceTree = "<group>";
		};
		6440F03073F7A16B558815ED /* App */ = {
			isa = PBXGroup;
			children = (
				A23ED462F661EDEF126FC079 /* SupersetApp.swift */,
			);
			path = App;
			sourceTree = "<group>";
		};
		84ECBDFCE15DB34AD5CF5A78 = {
			isa = PBXGroup;
			children = (
				4B902F70CBE961F2DC381457 /* Sources */,
				ED79E24F489E984EC0C6AC7C /* Tests */,
				CF41C90C1C01638960CCBB93 /* Products */,
			);
			sourceTree = "<group>";
		};
		CF41C90C1C01638960CCBB93 /* Products */ = {
			isa = PBXGroup;
			children = (
				EFA9AB08E275D403033F5B3F /* SupersetShell.app */,
				3D30DFFD86E8C13BFC519CF3 /* SupersetShellTests.xctest */,
			);
			name = Products;
			sourceTree = "<group>";
		};
		ED79E24F489E984EC0C6AC7C /* Tests */ = {
			isa = PBXGroup;
			children = (
				E5F60718293A4B5CD4E5F607 /* OutputBatcherTests.swift */,
				78717C838D7276434EE866E1 /* PTYSessionTests.swift */,
			);
			path = Tests;
			sourceTree = "<group>";
		};
/* End PBXGroup section */

/* Begin PBXNativeTarget section */
		5E28C4E59393F07B98ACC04E /* SupersetShell */ = {
			isa = PBXNativeTarget;
			buildConfigurationList = FD9FA91DC0AC57FE4C5BE979 /* Build configuration list for PBXNativeTarget "SupersetShell" */;
			buildPhases = (
				BCDB2B27DD7FE17B004FC099 /* Build Web Content */,
				0DE0E549A0F5449D64A81061 /* Sources */,
			);
			buildRules = (
			);
			dependencies = (
			);
			name = SupersetShell;
			packageProductDependencies = (
			);
			productName = SupersetShell;
			productReference = EFA9AB08E275D403033F5B3F /* SupersetShell.app */;
			productType = "com.apple.product-type.application";
		};
		7A2EDEFA7B8EBD6B84459D01 /* SupersetShellTests */ = {
			isa = PBXNativeTarget;
			buildConfigurationList = 5C674164F88FBB9D5B75C351 /* Build configuration list for PBXNativeTarget "SupersetShellTests" */;
			buildPhases = (
				02309996E89BF1D153B781D8 /* Sources */,
			);
			buildRules = (
			);
			dependencies = (
				B94639A279B9DD50B7624012 /* PBXTargetDependency */,
			);
			name = SupersetShellTests;
			packageProductDependencies = (
			);
			productName = SupersetShellTests;
			productReference = 3D30DFFD86E8C13BFC519CF3 /* SupersetShellTests.xctest */;
			productType = "com.apple.product-type.bundle.unit-test";
		};
/* End PBXNativeTarget section */

/* Begin PBXProject section */
		1D0C31FF35EB4D61CC9EA732 /* Project object */ = {
			isa = PBXProject;
			attributes = {
				BuildIndependentTargetsInParallel = YES;
				LastUpgradeCheck = 1600;
				TargetAttributes = {
				};
			};
			buildConfigurationList = D3F3C1CE59A5C6EDC3E31833 /* Build configuration list for PBXProject "SupersetShell" */;
			developmentRegion = en;
			hasScannedForEncodings = 0;
			knownRegions = (
				Base,
				en,
			);
			mainGroup = 84ECBDFCE15DB34AD5CF5A78;
			minimizedProjectReferenceProxies = 1;
			preferredProjectObjectVersion = 77;
			productRefGroup = CF41C90C1C01638960CCBB93 /* Products */;
			projectDirPath = "";
			projectRoot = "";
			targets = (
				5E28C4E59393F07B98ACC04E /* SupersetShell */,
				7A2EDEFA7B8EBD6B84459D01 /* SupersetShellTests */,
			);
		};
/* End PBXProject section */

/* Begin PBXShellScriptBuildPhase section */
		BCDB2B27DD7FE17B004FC099 /* Build Web Content */ = {
			isa = PBXShellScriptBuildPhase;
			alwaysOutOfDate = 1;
			buildActionMask = 2147483647;
			files = (
			);
			inputFileListPaths = (
			);
			inputPaths = (
			);
			name = "Build Web Content";
			outputFileListPaths = (
			);
			outputPaths = (
			);
			runOnlyForDeploymentPostprocessing = 0;
			shellPath = /bin/sh;
			shellScript = "cd \"$SRCROOT\"\nif command -v bun &> /dev/null; then\n  bun run build:web\nelse\n  echo \"warning: bun not found, skipping web content build\"\nfi\n";
		};
/* End PBXShellScriptBuildPhase section */

/* Begin PBXSourcesBuildPhase section */
		02309996E89BF1D153B781D8 /* Sources */ = {
			isa = PBXSourcesBuildPhase;
			buildActionMask = 2147483647;
			files = (
				7F2DC923C6A503AC186D7199 /* PTYSessionTests.swift in Sources */,
				B2C3D4E5F6071829A1B2C3D4 /* OutputBatcherTests.swift in Sources */,
			);
			runOnlyForDeploymentPostprocessing = 0;
		};
		0DE0E549A0F5449D64A81061 /* Sources */ = {
			isa = PBXSourcesBuildPhase;
			buildActionMask = 2147483647;
			files = (
				59597029060BC9BDC3AE23B0 /* PTYSession.swift in Sources */,
				87E7AC78F8CCDC392F08853F /* SupersetApp.swift in Sources */,
				A1B2C3D4E5F60718293A4B5C /* OutputBatcher.swift in Sources */,
			);
			runOnlyForDeploymentPostprocessing = 0;
		};
/* End PBXSourcesBuildPhase section */

/* Begin PBXTargetDependency section */
		B94639A279B9DD50B7624012 /* PBXTargetDependency */ = {
			isa = PBXTargetDependency;
			target = 5E28C4E59393F07B98ACC04E /* SupersetShell */;
			targetProxy = 55C42CF7D1F8DDDF5AC98776 /* PBXContainerItemProxy */;
		};
/* End PBXTargetDependency section */

/* Begin XCBuildConfiguration section */
		226F40E2D70468B0EE0A7532 /* Debug */ = {
			isa = XCBuildConfiguration;
			buildSettings = {
				BUNDLE_LOADER = "$(TEST_HOST)";
				COMBINE_HIDPI_IMAGES = YES;
				GENERATE_INFOPLIST_FILE = YES;
				LD_RUNPATH_SEARCH_PATHS = (
					"$(inherited)",
					"@executable_path/../Frameworks",
					"@loader_path/../Frameworks",
				);
				PRODUCT_MODULE_NAME = SupersetShellTests;
				SDKROOT = macosx;
				TEST_HOST = "$(BUILT_PRODUCTS_DIR)/SupersetShell.app/Contents/MacOS/SupersetShell";
			};
			name = Debug;
		};
		4721F4AD056DEBFB0421E29B /* Debug */ = {
			isa = XCBuildConfiguration;
			buildSettings = {
				ALWAYS_SEARCH_USER_PATHS = NO;
				CLANG_ANALYZER_NONNULL = YES;
				CLANG_ANALYZER_NUMBER_OBJECT_CONVERSION = YES_AGGRESSIVE;
				CLANG_CXX_LANGUAGE_STANDARD = "gnu++14";
				CLANG_CXX_LIBRARY = "libc++";
				CLANG_ENABLE_MODULES = YES;
				CLANG_ENABLE_OBJC_ARC = YES;
				CLANG_ENABLE_OBJC_WEAK = YES;
				CLANG_WARN_BLOCK_CAPTURE_AUTORELEASING = YES;
				CLANG_WARN_BOOL_CONVERSION = YES;
				CLANG_WARN_COMMA = YES;
				CLANG_WARN_CONSTANT_CONVERSION = YES;
				CLANG_WARN_DEPRECATED_OBJC_IMPLEMENTATIONS = YES;
				CLANG_WARN_DIRECT_OBJC_ISA_USAGE = YES_ERROR;
				CLANG_WARN_DOCUMENTATION_COMMENTS = YES;
				CLANG_WARN_EMPTY_BODY = YES;
				CLANG_WARN_ENUM_CONVERSION = YES;
				CLANG_WARN_INFINITE_RECURSION = YES;
				CLANG_WARN_INT_CONVERSION = YES;
				CLANG_WARN_NON_LITERAL_NULL_CONVERSION = YES;
				CLANG_WARN_OBJC_IMPLICIT_RETAIN_SELF = YES;
				CLANG_WARN_OBJC_LITERAL_CONVERSION = YES;
				CLANG_WARN_OBJC_ROOT_CLASS = YES_ERROR;
				CLANG_WARN_QUOTED_INCLUDE_IN_FRAMEWORK_HEADER = YES;
				CLANG_WARN_RANGE_LOOP_ANALYSIS = YES;
				CLANG_WARN_STRICT_PROTOTYPES = YES;
				CLANG_WARN_SUSPICIOUS_MOVE = YES;
				CLANG_WARN_UNGUARDED_AVAILABILITY = YES_AGGRESSIVE;
				CLANG_WARN_UNREACHABLE_CODE = YES;
				CLANG_WARN__DUPLICATE_METHOD_MATCH = YES;
				COPY_PHASE_STRIP = NO;
				DEBUG_INFORMATION_FORMAT = dwarf;
				ENABLE_STRICT_OBJC_MSGSEND = YES;
				ENABLE_TESTABILITY = YES;
				GCC_C_LANGUAGE_STANDARD = gnu11;
				GCC_DYNAMIC_NO_PIC = NO;
				GCC_NO_COMMON_BLOCKS = YES;
				GCC_OPTIMIZATION_LEVEL = 0;
				GCC_PREPROCESSOR_DEFINITIONS = (
					"$(inherited)",
					"DEBUG=1",
				);
				GCC_WARN_64_TO_32_BIT_CONVERSION = YES;
				GCC_WARN_ABOUT_RETURN_TYPE = YES_ERROR;
				GCC_WARN_UNDECLARED_SELECTOR = YES;
				GCC_WARN_UNINITIALIZED_AUTOS = YES_AGGRESSIVE;
				GCC_WARN_UNUSED_FUNCTION = YES;
				GCC_WARN_UNUSED_VARIABLE = YES;
				INFOPLIST_KEY_CFBundleDisplayName = Superset;
				INFOPLIST_KEY_LSApplicationCategoryType = "public.app-category.developer-tools";
				MACOSX_DEPLOYMENT_TARGET = 15.0;
				MTL_ENABLE_DEBUG_INFO = INCLUDE_SOURCE;
				MTL_FAST_MATH = YES;
				ONLY_ACTIVE_ARCH = YES;
				PRODUCT_BUNDLE_IDENTIFIER = sh.superset.shell;
				PRODUCT_NAME = SupersetShell;
				SDKROOT = macosx;
				SWIFT_ACTIVE_COMPILATION_CONDITIONS = DEBUG;
				SWIFT_OPTIMIZATION_LEVEL = "-Onone";
				SWIFT_VERSION = 6.0;
			};
			name = Debug;
		};
		60419840364ED804470DD9D5 /* Debug */ = {
			isa = XCBuildConfiguration;
			buildSettings = {
				ASSETCATALOG_COMPILER_APPICON_NAME = AppIcon;
				CODE_SIGN_ENTITLEMENTS = "";
				COMBINE_HIDPI_IMAGES = YES;
				ENABLE_APP_SANDBOX = NO;
				GENERATE_INFOPLIST_FILE = YES;
				LD_RUNPATH_SEARCH_PATHS = (
					"$(inherited)",
					"@executable_path/../Frameworks",
				);
				SDKROOT = macosx;
			};
			name = Debug;
		};
		9DD7B434AA8FBD6D8D84DC28 /* Release */ = {
			isa = XCBuildConfiguration;
			buildSettings = {
				BUNDLE_LOADER = "$(TEST_HOST)";
				COMBINE_HIDPI_IMAGES = YES;
				GENERATE_INFOPLIST_FILE = YES;
				LD_RUNPATH_SEARCH_PATHS = (
					"$(inherited)",
					"@executable_path/../Frameworks",
					"@loader_path/../Frameworks",
				);
				PRODUCT_MODULE_NAME = SupersetShellTests;
				SDKROOT = macosx;
				TEST_HOST = "$(BUILT_PRODUCTS_DIR)/SupersetShell.app/Contents/MacOS/SupersetShell";
			};
			name = Release;
		};
		C18B7252254560446BA986EB /* Release */ = {
			isa = XCBuildConfiguration;
			buildSettings = {
				ASSETCATALOG_COMPILER_APPICON_NAME = AppIcon;
				CODE_SIGN_ENTITLEMENTS = "";
				COMBINE_HIDPI_IMAGES = YES;
				ENABLE_APP_SANDBOX = NO;
				GENERATE_INFOPLIST_FILE = YES;
				LD_RUNPATH_SEARCH_PATHS = (
					"$(inherited)",
					"@executable_path/../Frameworks",
				);
				SDKROOT = macosx;
			};
			name = Release;
		};
		DC926D8AAAC9CD1981869C33 /* Release */ = {
			isa = XCBuildConfiguration;
			buildSettings = {
				ALWAYS_SEARCH_USER_PATHS = NO;
				CLANG_ANALYZER_NONNULL = YES;
				CLANG_ANALYZER_NUMBER_OBJECT_CONVERSION = YES_AGGRESSIVE;
				CLANG_CXX_LANGUAGE_STANDARD = "gnu++14";
				CLANG_CXX_LIBRARY = "libc++";
				CLANG_ENABLE_MODULES = YES;
				CLANG_ENABLE_OBJC_ARC = YES;
				CLANG_ENABLE_OBJC_WEAK = YES;
				CLANG_WARN_BLOCK_CAPTURE_AUTORELEASING = YES;
				CLANG_WARN_BOOL_CONVERSION = YES;
				CLANG_WARN_COMMA = YES;
				CLANG_WARN_CONSTANT_CONVERSION = YES;
				CLANG_WARN_DEPRECATED_OBJC_IMPLEMENTATIONS = YES;
				CLANG_WARN_DIRECT_OBJC_ISA_USAGE = YES_ERROR;
				CLANG_WARN_DOCUMENTATION_COMMENTS = YES;
				CLANG_WARN_EMPTY_BODY = YES;
				CLANG_WARN_ENUM_CONVERSION = YES;
				CLANG_WARN_INFINITE_RECURSION = YES;
				CLANG_WARN_INT_CONVERSION = YES;
				CLANG_WARN_NON_LITERAL_NULL_CONVERSION = YES;
				CLANG_WARN_OBJC_IMPLICIT_RETAIN_SELF = YES;
				CLANG_WARN_OBJC_LITERAL_CONVERSION = YES;
				CLANG_WARN_OBJC_ROOT_CLASS = YES_ERROR;
				CLANG_WARN_QUOTED_INCLUDE_IN_FRAMEWORK_HEADER = YES;
				CLANG_WARN_RANGE_LOOP_ANALYSIS = YES;
				CLANG_WARN_STRICT_PROTOTYPES = YES;
				CLANG_WARN_SUSPICIOUS_MOVE = YES;
				CLANG_WARN_UNGUARDED_AVAILABILITY = YES_AGGRESSIVE;
				CLANG_WARN_UNREACHABLE_CODE = YES;
				CLANG_WARN__DUPLICATE_METHOD_MATCH = YES;
				COPY_PHASE_STRIP = NO;
				DEBUG_INFORMATION_FORMAT = "dwarf-with-dsym";
				ENABLE_NS_ASSERTIONS = NO;
				ENABLE_STRICT_OBJC_MSGSEND = YES;
				GCC_C_LANGUAGE_STANDARD = gnu11;
				GCC_NO_COMMON_BLOCKS = YES;
				GCC_WARN_64_TO_32_BIT_CONVERSION = YES;
				GCC_WARN_ABOUT_RETURN_TYPE = YES_ERROR;
				GCC_WARN_UNDECLARED_SELECTOR = YES;
				GCC_WARN_UNINITIALIZED_AUTOS = YES_AGGRESSIVE;
				GCC_WARN_UNUSED_FUNCTION = YES;
				GCC_WARN_UNUSED_VARIABLE = YES;
				INFOPLIST_KEY_CFBundleDisplayName = Superset;
				INFOPLIST_KEY_LSApplicationCategoryType = "public.app-category.developer-tools";
				MACOSX_DEPLOYMENT_TARGET = 15.0;
				MTL_ENABLE_DEBUG_INFO = NO;
				MTL_FAST_MATH = YES;
				PRODUCT_BUNDLE_IDENTIFIER = sh.superset.shell;
				PRODUCT_NAME = SupersetShell;
				SDKROOT = macosx;
				SWIFT_COMPILATION_MODE = wholemodule;
				SWIFT_OPTIMIZATION_LEVEL = "-O";
				SWIFT_VERSION = 6.0;
			};
			name = Release;
		};
/* End XCBuildConfiguration section */

/* Begin XCConfigurationList section */
		5C674164F88FBB9D5B75C351 /* Build configuration list for PBXNativeTarget "SupersetShellTests" */ = {
			isa = XCConfigurationList;
			buildConfigurations = (
				226F40E2D70468B0EE0A7532 /* Debug */,
				9DD7B434AA8FBD6D8D84DC28 /* Release */,
			);
			defaultConfigurationIsVisible = 0;
			defaultConfigurationName = Debug;
		};
		D3F3C1CE59A5C6EDC3E31833 /* Build configuration list for PBXProject "SupersetShell" */ = {
			isa = XCConfigurationList;
			buildConfigurations = (
				4721F4AD056DEBFB0421E29B /* Debug */,
				DC926D8AAAC9CD1981869C33 /* Release */,
			);
			defaultConfigurationIsVisible = 0;
			defaultConfigurationName = Debug;
		};
		FD9FA91DC0AC57FE4C5BE979 /* Build configuration list for PBXNativeTarget "SupersetShell" */ = {
			isa = XCConfigurationList;
			buildConfigurations = (
				60419840364ED804470DD9D5 /* Debug */,
				C18B7252254560446BA986EB /* Release */,
			);
			defaultConfigurationIsVisible = 0;
			defaultConfigurationName = Debug;
		};
/* End XCConfigurationList section */
	};
	rootObject = 1D0C31FF35EB4D61CC9EA732 /* Project object */;
}
